
Microsoft Visual Studio Solution File, Format Version 12.00
# Visual Studio Version 16
VisualStudioVersion = 16.0.31624.102
MinimumVisualStudioVersion = 10.0.40219.1
Project("{9A19103F-16F7-4668-BE54-9A1E7A4F7556}") = "VisitorRegistrationApp", "VisitorRegistrationApp\VisitorRegistrationApp.csproj", "{5B44B7B9-9A37-4DA3-B7EA-A05FB042E717}"
EndProject
Project("{9A19103F-16F7-4668-BE54-9A1E7A4F7556}") = "VisitorRegistrationTestProject", "VisitorRegistrationTestProject\VisitorRegistrationTestProject.csproj", "{D31C171F-D46C-4DCA-9C36-BF6D2887A392}"
EndProject
Project("{9A19103F-16F7-4668-BE54-9A1E7A4F7556}") = "DAL", "DAL\DAL.csproj", "{F3A7EE4E-7310-4747-A534-7B697193A6BF}"
EndProject
Project("{9A19103F-16F7-4668-BE54-9A1E7A4F7556}") = "BLL", "BL\BLL.csproj", "{283B6F64-7298-4568-81E1-23EEC3017A02}"
EndProject
Project("{9A19103F-16F7-4668-BE54-9A1E7A4F7556}") = "Model", "Model\Model.csproj", "{817AEA99-D39E-4F3C-9682-7128DD1F1AF7}"
EndProject
Global
	GlobalSection(SolutionConfigurationPlatforms) = preSolution
		Debug|Any CPU = Debug|Any CPU
		Release|Any CPU = Release|Any CPU
	EndGlobalSection
	GlobalSection(ProjectConfigurationPlatforms) = postSolution
		{5B44B7B9-9A37-4DA3-B7EA-A05FB042E717}.Debug|Any CPU.ActiveCfg = Debug|Any CPU
		{5B44B7B9-9A37-4DA3-B7EA-A05FB042E717}.Debug|Any CPU.Build.0 = Debug|Any CPU
		{5B44B7B9-9A37-4DA3-B7EA-A05FB042E717}.Release|Any CPU.ActiveCfg = Release|Any CPU
		{5B44B7B9-9A37-4DA3-B7EA-A05FB042E717}.Release|Any CPU.Build.0 = Release|Any CPU
		{D31C171F-D46C-4DCA-9C36-BF6D2887A392}.Debug|Any CPU.ActiveCfg = Debug|Any CPU
		{D31C171F-D46C-4DCA-9C36-BF6D2887A392}.Debug|Any CPU.Build.0 = Debug|Any CPU
		{D31C171F-D46C-4DCA-9C36-BF6D2887A392}.Release|Any CPU.ActiveCfg = Release|Any CPU
		{D31C171F-D46C-4DCA-9C36-BF6D2887A392}.Release|Any CPU.Build.0 = Release|Any CPU
		{F3A7EE4E-7310-4747-A534-7B697193A6BF}.Debug|Any CPU.ActiveCfg = Debug|Any CPU
		{F3A7EE4E-7310-4747-A534-7B697193A6BF}.Debug|Any CPU.Build.0 = Debug|Any CPU
		{F3A7EE4E-7310-4747-A534-7B697193A6BF}.Release|Any CPU.ActiveCfg = Release|Any CPU
		{F3A7EE4E-7310-4747-A534-7B697193A6BF}.Release|Any CPU.Build.0 = Release|Any CPU
		{283B6F64-7298-4568-81E1-23EEC3017A02}.Debug|Any CPU.ActiveCfg = Debug|Any CPU
		{283B6F64-7298-4568-81E1-23EEC3017A02}.Debug|Any CPU.Build.0 = Debug|Any CPU
		{283B6F64-7298-4568-81E1-23EEC3017A02}.Release|Any CPU.ActiveCfg = Release|Any CPU
		{283B6F64-7298-4568-81E1-23EEC3017A02}.Release|Any CPU.Build.0 = Release|Any CPU
		{817AEA99-D39E-4F3C-9682-7128DD1F1AF7}.Debug|Any CPU.ActiveCfg = Debug|Any CPU
		{817AEA99-D39E-4F3C-9682-7128DD1F1AF7}.Debug|Any CPU.Build.0 = Debug|Any CPU
		{817AEA99-D39E-4F3C-9682-7128DD1F1AF7}.Release|Any CPU.ActiveCfg = Release|Any CPU
		{817AEA99-D39E-4F3C-9682-7128DD1F1AF7}.Release|Any CPU.Build.0 = Release|Any CPU
	EndGlobalSection
	GlobalSection(SolutionProperties) = preSolution
		HideSolutionNode = FALSE
	EndGlobalSection
	GlobalSection(ExtensibilityGlobals) = postSolution
		SolutionGuid = {5A5FE4A2-2C52-4A5C-82B1-765F9838BB30}
	EndGlobalSection
EndGlobal
